
Microsoft Visual Studio Solution File, Format Version 12.00
# Visual Studio Version 16
VisualStudioVersion = 16.0.29613.14
MinimumVisualStudioVersion = 10.0.40219.1
Project("{FAE04EC0-301F-11D3-BF4B-00C04F79EFBC}") = "NUnitPractice", "NUnitPractice\NUnitPractice.csproj", "{70F9929A-83E1-4610-B9DC-E0D7D0FAC25D}"
EndProject
Global
	GlobalSection(SolutionConfigurationPlatforms) = preSolution
		Debug|Any CPU = Debug|Any CPU
		Release|Any CPU = Release|Any CPU
	EndGlobalSection
	GlobalSection(ProjectConfigurationPlatforms) = postSolution
		{70F9929A-83E1-4610-B9DC-E0D7D0FAC25D}.Debug|Any CPU.ActiveCfg = Debug|Any CPU
		{70F9929A-83E1-4610-B9DC-E0D7D0FAC25D}.Debug|Any CPU.Build.0 = Debug|Any CPU
		{70F9929A-83E1-4610-B9DC-E0D7D0FAC25D}.Release|Any CPU.ActiveCfg = Release|Any CPU
		{70F9929A-83E1-4610-B9DC-E0D7D0FAC25D}.Release|Any CPU.Build.0 = Release|Any CPU
	EndGlobalSection
	GlobalSection(SolutionProperties) = preSolution
		HideSolutionNode = FALSE
	EndGlobalSection
	GlobalSection(ExtensibilityGlobals) = postSolution
		SolutionGuid = {343DA618-EBD3-4D7B-BE9B-73D0C72A49E0}
	EndGlobalSection
EndGlobal
